
Microsoft Visual Studio Solution File, Format Version 10.00
# Visual Studio 2008
Project("{FAE04EC0-301F-11D3-BF4B-00C04F79EFBC}") = "Traceable", "SmartDeviceProject1\Traceable.csproj", "{BF6248EC-7AF4-4AF3-8BC2-B09D4D1B0F47}"
EndProject
Global
	GlobalSection(SolutionConfigurationPlatforms) = preSolution
		Debug|Any CPU = Debug|Any CPU
		Release|Any CPU = Release|Any CPU
	EndGlobalSection
	GlobalSection(ProjectConfigurationPlatforms) = postSolution
		{BF6248EC-7AF4-4AF3-8BC2-B09D4D1B0F47}.Debug|Any CPU.ActiveCfg = Debug|Any CPU
		{BF6248EC-7AF4-4AF3-8BC2-B09D4D1B0F47}.Debug|Any CPU.Build.0 = Debug|Any CPU
		{BF6248EC-7AF4-4AF3-8BC2-B09D4D1B0F47}.Debug|Any CPU.Deploy.0 = Debug|Any CPU
		{BF6248EC-7AF4-4AF3-8BC2-B09D4D1B0F47}.Release|Any CPU.ActiveCfg = Release|Any CPU
		{BF6248EC-7AF4-4AF3-8BC2-B09D4D1B0F47}.Release|Any CPU.Build.0 = Release|Any CPU
		{BF6248EC-7AF4-4AF3-8BC2-B09D4D1B0F47}.Release|Any CPU.Deploy.0 = Release|Any CPU
	EndGlobalSection
	GlobalSection(SolutionProperties) = preSolution
		HideSolutionNode = FALSE
	EndGlobalSection
EndGlobal
